
Microsoft Visual Studio Solution File, Format Version 12.00
# Visual Studio Version 16
VisualStudioVersion = 16.0.30104.148
MinimumVisualStudioVersion = 10.0.40219.1
Project("{9A19103F-16F7-4668-BE54-9A1E7A4F7556}") = "MovieApp.Data", "Movie.Data\MovieApp.Data.csproj", "{49E6E6D5-88A9-486B-A754-1C574ACE603F}"
EndProject
Project("{9A19103F-16F7-4668-BE54-9A1E7A4F7556}") = "MovieApp.Services", "MovieApp.Services\MovieApp.Services.csproj", "{C01416F7-C065-45FA-A8D9-6DB4C65879AA}"
EndProject
Project("{FAE04EC0-301F-11D3-BF4B-00C04F79EFBC}") = "MovieApp.Web", "MovieApp.Web\MovieApp.Web.csproj", "{F35F6675-8FCD-4F94-9DD5-0349278578EE}"
EndProject
Global
	GlobalSection(SolutionConfigurationPlatforms) = preSolution
		Debug|Any CPU = Debug|Any CPU
		Release|Any CPU = Release|Any CPU
	EndGlobalSection
	GlobalSection(ProjectConfigurationPlatforms) = postSolution
		{49E6E6D5-88A9-486B-A754-1C574ACE603F}.Debug|Any CPU.ActiveCfg = Debug|Any CPU
		{49E6E6D5-88A9-486B-A754-1C574ACE603F}.Debug|Any CPU.Build.0 = Debug|Any CPU
		{49E6E6D5-88A9-486B-A754-1C574ACE603F}.Release|Any CPU.ActiveCfg = Release|Any CPU
		{49E6E6D5-88A9-486B-A754-1C574ACE603F}.Release|Any CPU.Build.0 = Release|Any CPU
		{C01416F7-C065-45FA-A8D9-6DB4C65879AA}.Debug|Any CPU.ActiveCfg = Debug|Any CPU
		{C01416F7-C065-45FA-A8D9-6DB4C65879AA}.Debug|Any CPU.Build.0 = Debug|Any CPU
		{C01416F7-C065-45FA-A8D9-6DB4C65879AA}.Release|Any CPU.ActiveCfg = Release|Any CPU
		{C01416F7-C065-45FA-A8D9-6DB4C65879AA}.Release|Any CPU.Build.0 = Release|Any CPU
		{F35F6675-8FCD-4F94-9DD5-0349278578EE}.Debug|Any CPU.ActiveCfg = Debug|Any CPU
		{F35F6675-8FCD-4F94-9DD5-0349278578EE}.Debug|Any CPU.Build.0 = Debug|Any CPU
		{F35F6675-8FCD-4F94-9DD5-0349278578EE}.Release|Any CPU.ActiveCfg = Release|Any CPU
		{F35F6675-8FCD-4F94-9DD5-0349278578EE}.Release|Any CPU.Build.0 = Release|Any CPU
	EndGlobalSection
	GlobalSection(SolutionProperties) = preSolution
		HideSolutionNode = FALSE
	EndGlobalSection
	GlobalSection(ExtensibilityGlobals) = postSolution
		SolutionGuid = {3535DC46-8905-4FC7-B7DB-09C83DB03D14}
	EndGlobalSection
EndGlobal
